
Microsoft Visual Studio Solution File, Format Version 12.00
# Visual Studio Version 17
VisualStudioVersion = 17.9.34728.123
MinimumVisualStudioVersion = 10.0.40219.1
Project("{FAE04EC0-301F-11D3-BF4B-00C04F79EFBC}") = "PositionInterfaceClient", "PositionInterfaceClient.csproj", "{839CB788-0C80-4E3C-892A-929195D73727}"
EndProject
Global
	GlobalSection(SolutionConfigurationPlatforms) = preSolution
		Debug|Any CPU = Debug|Any CPU
		Release|Any CPU = Release|Any CPU
	EndGlobalSection
	GlobalSection(ProjectConfigurationPlatforms) = postSolution
		{839CB788-0C80-4E3C-892A-929195D73727}.Debug|Any CPU.ActiveCfg = Debug|Any CPU
		{839CB788-0C80-4E3C-892A-929195D73727}.Debug|Any CPU.Build.0 = Debug|Any CPU
		{839CB788-0C80-4E3C-892A-929195D73727}.Release|Any CPU.ActiveCfg = Release|Any CPU
		{839CB788-0C80-4E3C-892A-929195D73727}.Release|Any CPU.Build.0 = Release|Any CPU
	EndGlobalSection
	GlobalSection(SolutionProperties) = preSolution
		HideSolutionNode = FALSE
	EndGlobalSection
	GlobalSection(ExtensibilityGlobals) = postSolution
		SolutionGuid = {BFF037F6-322D-4228-AF56-39E58C75B69D}
	EndGlobalSection
EndGlobal
